lockfileVersion: '9.0'

settings:
  autoInstallPeers: true
  excludeLinksFromLockfile: false

importers:

  .:
    dependencies:
      ky:
        specifier: ^1.7.5
        version: 1.7.5

packages:

  ky@1.7.5:
    resolution: {integrity: sha512-HzhziW6sc5m0pwi5M196+7cEBtbt0lCYi67wNsiwMUmz833wloE0gbzJPWKs1gliFKQb34huItDQX97LyOdPdA==}
    engines: {node: '>=18'}

snapshots:

  ky@1.7.5: {}
